
Microsoft Visual Studio Solution File, Format Version 12.00
# Visual Studio 15
VisualStudioVersion = 15.0.27428.2015
MinimumVisualStudioVersion = 10.0.40219.1
Project("{FAE04EC0-301F-11D3-BF4B-00C04F79EFBC}") = "20180411_2_7_Homework_WPF", "20180411_2_7_Homework_WPF\20180411_2_7_Homework_WPF.csproj", "{A1472D7D-D909-4361-8D79-A09C1C8B1EDD}"
EndProject
Global
	GlobalSection(SolutionConfigurationPlatforms) = preSolution
		Debug|Any CPU = Debug|Any CPU
		Release|Any CPU = Release|Any CPU
	EndGlobalSection
	GlobalSection(ProjectConfigurationPlatforms) = postSolution
		{A1472D7D-D909-4361-8D79-A09C1C8B1EDD}.Debug|Any CPU.ActiveCfg = Debug|Any CPU
		{A1472D7D-D909-4361-8D79-A09C1C8B1EDD}.Debug|Any CPU.Build.0 = Debug|Any CPU
		{A1472D7D-D909-4361-8D79-A09C1C8B1EDD}.Release|Any CPU.ActiveCfg = Release|Any CPU
		{A1472D7D-D909-4361-8D79-A09C1C8B1EDD}.Release|Any CPU.Build.0 = Release|Any CPU
	EndGlobalSection
	GlobalSection(SolutionProperties) = preSolution
		HideSolutionNode = FALSE
	EndGlobalSection
	GlobalSection(ExtensibilityGlobals) = postSolution
		SolutionGuid = {FA7BB684-D846-4F62-A275-409FA2DF89F1}
	EndGlobalSection
EndGlobal
